
Microsoft Visual Studio Solution File, Format Version 12.00
# Visual Studio Version 17
VisualStudioVersion = 17.12.35728.132 d17.12
MinimumVisualStudioVersion = 10.0.40219.1
Project("{FAE04EC0-301F-11D3-BF4B-00C04F79EFBC}") = "Arenda_Avto", "Arenda_Avto.csproj", "{D65E937C-3DCD-4E78-81B4-424AD79C058E}"
EndProject
Project("{FAE04EC0-301F-11D3-BF4B-00C04F79EFBC}") = "BibliotekaAvto", "..\BibliotekaAvto\BibliotekaAvto.csproj", "{33117C2D-1AC1-4CA7-BB8E-E0A945F2928D}"
EndProject
Global
	GlobalSection(SolutionConfigurationPlatforms) = preSolution
		Debug|Any CPU = Debug|Any CPU
		Release|Any CPU = Release|Any CPU
	EndGlobalSection
	GlobalSection(ProjectConfigurationPlatforms) = postSolution
		{D65E937C-3DCD-4E78-81B4-424AD79C058E}.Debug|Any CPU.ActiveCfg = Debug|Any CPU
		{D65E937C-3DCD-4E78-81B4-424AD79C058E}.Debug|Any CPU.Build.0 = Debug|Any CPU
		{D65E937C-3DCD-4E78-81B4-424AD79C058E}.Release|Any CPU.ActiveCfg = Release|Any CPU
		{D65E937C-3DCD-4E78-81B4-424AD79C058E}.Release|Any CPU.Build.0 = Release|Any CPU
		{33117C2D-1AC1-4CA7-BB8E-E0A945F2928D}.Debug|Any CPU.ActiveCfg = Debug|Any CPU
		{33117C2D-1AC1-4CA7-BB8E-E0A945F2928D}.Debug|Any CPU.Build.0 = Debug|Any CPU
		{33117C2D-1AC1-4CA7-BB8E-E0A945F2928D}.Release|Any CPU.ActiveCfg = Release|Any CPU
		{33117C2D-1AC1-4CA7-BB8E-E0A945F2928D}.Release|Any CPU.Build.0 = Release|Any CPU
	EndGlobalSection
	GlobalSection(SolutionProperties) = preSolution
		HideSolutionNode = FALSE
	EndGlobalSection
EndGlobal
